
Microsoft Visual Studio Solution File, Format Version 12.00
# Visual Studio Version 17
VisualStudioVersion = 17.11.35303.130
MinimumVisualStudioVersion = 10.0.40219.1
Project("{9A19103F-16F7-4668-BE54-9A1E7A4F7556}") = "PropertyApi", "PrropertyApi\PropertyApi.csproj", "{820F91B0-A74F-4BA9-B4E5-8DBAA815695E}"
EndProject
Project("{FAE04EC0-301F-11D3-BF4B-00C04F79EFBC}") = "TestProject", "TestProject\TestProject.csproj", "{C572F603-00EC-4ADD-A9D1-78DB54E587CB}"
EndProject
Global
	GlobalSection(SolutionConfigurationPlatforms) = preSolution
		Debug|Any CPU = Debug|Any CPU
		Release|Any CPU = Release|Any CPU
	EndGlobalSection
	GlobalSection(ProjectConfigurationPlatforms) = postSolution
		{820F91B0-A74F-4BA9-B4E5-8DBAA815695E}.Debug|Any CPU.ActiveCfg = Debug|Any CPU
		{820F91B0-A74F-4BA9-B4E5-8DBAA815695E}.Debug|Any CPU.Build.0 = Debug|Any CPU
		{820F91B0-A74F-4BA9-B4E5-8DBAA815695E}.Release|Any CPU.ActiveCfg = Release|Any CPU
		{820F91B0-A74F-4BA9-B4E5-8DBAA815695E}.Release|Any CPU.Build.0 = Release|Any CPU
		{C572F603-00EC-4ADD-A9D1-78DB54E587CB}.Debug|Any CPU.ActiveCfg = Debug|Any CPU
		{C572F603-00EC-4ADD-A9D1-78DB54E587CB}.Debug|Any CPU.Build.0 = Debug|Any CPU
		{C572F603-00EC-4ADD-A9D1-78DB54E587CB}.Release|Any CPU.ActiveCfg = Release|Any CPU
		{C572F603-00EC-4ADD-A9D1-78DB54E587CB}.Release|Any CPU.Build.0 = Release|Any CPU
	EndGlobalSection
	GlobalSection(SolutionProperties) = preSolution
		HideSolutionNode = FALSE
	EndGlobalSection
	GlobalSection(ExtensibilityGlobals) = postSolution
		SolutionGuid = {DD4D9223-3D1E-4023-A1F3-4E0751B04989}
	EndGlobalSection
EndGlobal
